// !$*UTF8*$!
{
	archiveVersion = 1;
	classes = {
	};
	objectVersion = 46;
	objects = {

/* Begin PBXBuildFile section */
		117CFE981C4D3721002855CD /* main.m in Sources */ = {isa = PBXBuildFile; fileRef = 117CFE971C4D3721002855CD /* main.m */; };
		117CFE9B1C4D3721002855CD /* AppDelegate.m in Sources */ = {isa = PBXBuildFile; fileRef = 117CFE9A1C4D3721002855CD /* AppDelegate.m */; };
		117CFE9E1C4D3721002855CD /* ViewController.m in Sources */ = {isa = PBXBuildFile; fileRef = 117CFE9D1C4D3721002855CD /* ViewController.m */; };
		117CFEA11C4D3721002855CD /* Main.storyboard in Resources */ = {isa = PBXBuildFile; fileRef = 117CFE9F1C4D3721002855CD /* Main.storyboard */; };
		117CFEA31C4D3721002855CD /* Assets.xcassets in Resources */ = {isa = PBXBuildFile; fileRef = 117CFEA21C4D3721002855CD /* Assets.xcassets */; };
		117CFEA61C4D3721002855CD /* LaunchScreen.storyboard in Resources */ = {isa = PBXBuildFile; fileRef = 117CFEA41C4D3721002855CD /* LaunchScreen.storyboard */; };
		117CFEB21C4D4647002855CD /* AFTableViewController.m in Sources */ = {isa = PBXBuildFile; fileRef = 117CFEB11C4D4647002855CD /* AFTableViewController.m */; };
/* End PBXBuildFile section */

/* Begin PBXFileReference section */
		117CFE931C4D3721002855CD /* DZ2.app */ = {isa = PBXFileReference; explicitFileType = wrapper.application; includeInIndex = 0; path = DZ2.app; sourceTree = BUILT_PRODUCTS_DIR; };
		117CFE971C4D3721002855CD /* main.m */ = {isa = PBXFileReference; lastKnownFileType = sourcecode.c.objc; path = main.m; sourceTree = "<group>"; };
		117CFE991C4D3721002855CD /* AppDelegate.h */ = {isa = PBXFileReference; lastKnownFileType = sourcecode.c.h; path = AppDelegate.h; sourceTree = "<group>"; };
		117CFE9A1C4D3721002855CD /* AppDelegate.m */ = {isa = PBXFileReference; lastKnownFileType = sourcecode.c.objc; path = AppDelegate.m; sourceTree = "<group>"; };
		117CFE9C1C4D3721002855CD /* ViewController.h */ = {isa = PBXFileReference; lastKnownFileType = sourcecode.c.h; path = ViewController.h; sourceTree = "<group>"; };
		117CFE9D1C4D3721002855CD /* ViewController.m */ = {isa = PBXFileReference; lastKnownFileType = sourcecode.c.objc; path = ViewController.m; sourceTree = "<group>"; };
		117CFEA01C4D3721002855CD /* Base */ = {isa = PBXFileReference; lastKnownFileType = file.storyboard; name = Base; path = Base.lproj/Main.storyboard; sourceTree = "<group>"; };
		117CFEA21C4D3721002855CD /* Assets.xcassets */ = {isa = PBXFileReference; lastKnownFileType = folder.assetcatalog; path = Assets.xcassets; sourceTree = "<group>"; };
		117CFEA51C4D3721002855CD /* Base */ = {isa = PBXFileReference; lastKnownFileType = file.storyboard; name = Base; path = Base.lproj/LaunchScreen.storyboard; sourceTree = "<group>"; };
		117CFEA71C4D3721002855CD /* Info.plist */ = {isa = PBXFileReference; lastKnownFileType = text.plist.xml; path = Info.plist; sourceTree = "<group>"; };
		117CFEB01C4D4647002855CD /* AFTableViewController.h */ = {isa = PBXFileReference; fileEncoding = 4; lastKnownFileType = sourcecode.c.h; path = AFTableViewController.h; sourceTree = "<group>"; };
		117CFEB11C4D4647002855CD /* AFTableViewController.m */ = {isa = PBXFileReference; fileEncoding = 4; lastKnownFileType = sourcecode.c.objc; path = AFTableViewController.m; sourceTree = "<group>"; };
/* End PBXFileReference section */

/* Begin PBXFrameworksBuildPhase section */
		117CFE901C4D3721002855CD /* Frameworks */ = {
			isa = PBXFrameworksBuildPhase;
			buildActionMask = 2147483647;
			files = (
			);
			runOnlyForDeploymentPostprocessing = 0;
		};
/* End PBXFrameworksBuildPhase section */

/* Begin PBXGroup section */
		117CFE8A1C4D3721002855CD = {
			isa = PBXGroup;
			children = (
				117CFE951C4D3721002855CD /* DZ2 */,
				117CFE941C4D3721002855CD /* Products */,
			);
			sourceTree = "<group>";
		};
		117CFE941C4D3721002855CD /* Products */ = {
			isa = PBXGroup;
			children = (
				117CFE931C4D3721002855CD /* DZ2.app */,
			);
			name = Products;
			sourceTree = "<group>";
		};
		117CFE951C4D3721002855CD /* DZ2 */ = {
			isa = PBXGroup;
			children = (
				117CFE991C4D3721002855CD /* AppDelegate.h */,
				117CFE9A1C4D3721002855CD /* AppDelegate.m */,
				117CFE9C1C4D3721002855CD /* ViewController.h */,
				117CFE9D1C4D3721002855CD /* ViewController.m */,
				117CFE9F1C4D3721002855CD /* Main.storyboard */,
				117CFEB01C4D4647002855CD /* AFTableViewController.h */,
				117CFEB11C4D4647002855CD /* AFTableViewController.m */,
				117CFEA21C4D3721002855CD /* Assets.xcassets */,
				117CFEA41C4D3721002855CD /* LaunchScreen.storyboard */,
				117CFEA71C4D3721002855CD /* Info.plist */,
				117CFE961C4D3721002855CD /* Supporting Files */,
			);
			path = DZ2;
			sourceTree = "<group>";
		};
		117CFE961C4D3721002855CD /* Supporting Files */ = {
			isa = PBXGroup;
			children = (
				117CFE971C4D3721002855CD /* main.m */,
			);
			name = "Supporting Files";
			sourceTree = "<group>";
		};
/* End PBXGroup section */

/* Begin PBXNativeTarget section */
		117CFE921C4D3721002855CD /* DZ2 */ = {
			isa = PBXNativeTarget;
			buildConfigurationList = 117CFEAA1C4D3721002855CD /* Build configuration list for PBXNativeTarget "DZ2" */;
			buildPhases = (
				117CFE8F1C4D3721002855CD /* Sources */,
				117CFE901C4D3721002855CD /* Frameworks */,
				117CFE911C4D3721002855CD /* Resources */,
			);
			buildRules = (
			);
			dependencies = (
			);
			name = DZ2;
			productName = DZ2;
			productReference = 117CFE931C4D3721002855CD /* DZ2.app */;
			productType = "com.apple.product-type.application";
		};
/* End PBXNativeTarget section */

/* Begin PBXProject section */
		117CFE8B1C4D3721002855CD /* Project object */ = {
			isa = PBXProject;
			attributes = {
				LastUpgradeCheck = 0720;
				ORGANIZATIONNAME = "Alexandr Fedorov";
				TargetAttributes = {
					117CFE921C4D3721002855CD = {
						CreatedOnToolsVersion = 7.2;
						DevelopmentTeam = 97857562T4;
					};
				};
			};
			buildConfigurationList = 117CFE8E1C4D3721002855CD /* Build configuration list for PBXProject "DZ2" */;
			compatibilityVersion = "Xcode 3.2";
			developmentRegion = English;
			hasScannedForEncodings = 0;
			knownRegions = (
				en,
				Base,
			);
			mainGroup = 117CFE8A1C4D3721002855CD;
			productRefGroup = 117CFE941C4D3721002855CD /* Products */;
			projectDirPath = "";
			projectRoot = "";
			targets = (
				117CFE921C4D3721002855CD /* DZ2 */,
			);
		};
/* End PBXProject section */

/* Begin PBXResourcesBuildPhase section */
		117CFE911C4D3721002855CD /* Resources */ = {
			isa = PBXResourcesBuildPhase;
			buildActionMask = 2147483647;
			files = (
				117CFEA61C4D3721002855CD /* LaunchScreen.storyboard in Resources */,
				117CFEA31C4D3721002855CD /* Assets.xcassets in Resources */,
				117CFEA11C4D3721002855CD /* Main.storyboard in Resources */,
			);
			runOnlyForDeploymentPostprocessing = 0;
		};
/* End PBXResourcesBuildPhase section */

/* Begin PBXSourcesBuildPhase section */
		117CFE8F1C4D3721002855CD /* Sources */ = {
			isa = PBXSourcesBuildPhase;
			buildActionMask = 2147483647;
			files = (
				117CFEB21C4D4647002855CD /* AFTableViewController.m in Sources */,
				117CFE9E1C4D3721002855CD /* ViewController.m in Sources */,
				117CFE9B1C4D3721002855CD /* AppDelegate.m in Sources */,
				117CFE981C4D3721002855CD /* main.m in Sources */,
			);
			runOnlyForDeploymentPostprocessing = 0;
		};
/* End PBXSourcesBuildPhase section */

/* Begin PBXVariantGroup section */
		117CFE9F1C4D3721002855CD /* Main.storyboard */ = {
			isa = PBXVariantGroup;
			children = (
				117CFEA01C4D3721002855CD /* Base */,
			);
			name = Main.storyboard;
			sourceTree = "<group>";
		};
		117CFEA41C4D3721002855CD /* LaunchScreen.storyboard */ = {
			isa = PBXVariantGroup;
			children = (
				117CFEA51C4D3721002855CD /* Base */,
			);
			name = LaunchScreen.storyboard;
			sourceTree = "<group>";
		};
/* End PBXVariantGroup section */

/* Begin XCBuildConfiguration section */
		117CFEA81C4D3721002855CD /* Debug */ = {
			isa = XCBuildConfiguration;
			buildSettings = {
				ALWAYS_SEARCH_USER_PATHS = NO;
				CLANG_CXX_LANGUAGE_STANDARD = "gnu++0x";
				CLANG_CXX_LIBRARY = "libc++";
				CLANG_ENABLE_MODULES = YES;
				CLANG_ENABLE_OBJC_ARC = YES;
				CLANG_WARN_BOOL_CONVERSION = YES;
				CLANG_WARN_CONSTANT_CONVERSION = YES;
				CLANG_WARN_DIRECT_OBJC_ISA_USAGE = YES_ERROR;
				CLANG_WARN_EMPTY_BODY = YES;
				CLANG_WARN_ENUM_CONVERSION = YES;
				CLANG_WARN_INT_CONVERSION = YES;
				CLANG_WARN_OBJC_ROOT_CLASS = YES_ERROR;
				CLANG_WARN_UNREACHABLE_CODE = YES;
				CLANG_WARN__DUPLICATE_METHOD_MATCH = YES;
				"CODE_SIGN_IDENTITY[sdk=iphoneos*]" = "iPhone Developer";
				COPY_PHASE_STRIP = NO;
				DEBUG_INFORMATION_FORMAT = dwarf;
				ENABLE_STRICT_OBJC_MSGSEND = YES;
				ENABLE_TESTABILITY = YES;
				GCC_C_LANGUAGE_STANDARD = gnu99;
				GCC_DYNAMIC_NO_PIC = NO;
				GCC_NO_COMMON_BLOCKS = YES;
				GCC_OPTIMIZATION_LEVEL = 0;
				GCC_PREPROCESSOR_DEFINITIONS = (
					"DEBUG=1",
					"$(inherited)",
				);
				GCC_WARN_64_TO_32_BIT_CONVERSION = YES;
				GCC_WARN_ABOUT_RETURN_TYPE = YES_ERROR;
				GCC_WARN_UNDECLARED_SELECTOR = YES;
				GCC_WARN_UNINITIALIZED_AUTOS = YES_AGGRESSIVE;
				GCC_WARN_UNUSED_FUNCTION = YES;
				GCC_WARN_UNUSED_VARIABLE = YES;
				IPHONEOS_DEPLOYMENT_TARGET = 9.2;
				MTL_ENABLE_DEBUG_INFO = YES;
				ONLY_ACTIVE_ARCH = YES;
				SDKROOT = iphoneos;
			};
			name = Debug;
		};
		117CFEA91C4D3721002855CD /* Release */ = {
			isa = XCBuildConfiguration;
			buildSettings = {
				ALWAYS_SEARCH_USER_PATHS = NO;
				CLANG_CXX_LANGUAGE_STANDARD = "gnu++0x";
				CLANG_CXX_LIBRARY = "libc++";
				CLANG_ENABLE_MODULES = YES;
				CLANG_ENABLE_OBJC_ARC = YES;
				CLANG_WARN_BOOL_CONVERSION = YES;
				CLANG_WARN_CONSTANT_CONVERSION = YES;
				CLANG_WARN_DIRECT_OBJC_ISA_USAGE = YES_ERROR;
				CLANG_WARN_EMPTY_BODY = YES;
				CLANG_WARN_ENUM_CONVERSION = YES;
				CLANG_WARN_INT_CONVERSION = YES;
				CLANG_WARN_OBJC_ROOT_CLASS = YES_ERROR;
				CLANG_WARN_UNREACHABLE_CODE = YES;
				CLANG_WARN__DUPLICATE_METHOD_MATCH = YES;
				"CODE_SIGN_IDENTITY[sdk=iphoneos*]" = "iPhone Developer";
				COPY_PHASE_STRIP = NO;
				DEBUG_INFORMATION_FORMAT = "dwarf-with-dsym";
				ENABLE_NS_ASSERTIONS = NO;
				ENABLE_STRICT_OBJC_MSGSEND = YES;
				GCC_C_LANGUAGE_STANDARD = gnu99;
				GCC_NO_COMMON_BLOCKS = YES;
				GCC_WARN_64_TO_32_BIT_CONVERSION = YES;
				GCC_WARN_ABOUT_RETURN_TYPE = YES_ERROR;
				GCC_WARN_UNDECLARED_SELECTOR = YES;
				GCC_WARN_UNINITIALIZED_AUTOS = YES_AGGRESSIVE;
				GCC_WARN_UNUSED_FUNCTION = YES;
				GCC_WARN_UNUSED_VARIABLE = YES;
				IPHONEOS_DEPLOYMENT_TARGET = 9.2;
				MTL_ENABLE_DEBUG_INFO = NO;
				SDKROOT = iphoneos;
				VALIDATE_PRODUCT = YES;
			};
			name = Release;
		};
		117CFEAB1C4D3721002855CD /* Debug */ = {
			isa = XCBuildConfiguration;
			buildSettings = {
				ASSETCATALOG_COMPILER_APPICON_NAME = AppIcon;
				INFOPLIST_FILE = DZ2/Info.plist;
				LD_RUNPATH_SEARCH_PATHS = "$(inherited) @executable_path/Frameworks";
				PRODUCT_BUNDLE_IDENTIFIER = com.home.DZ2;
				PRODUCT_NAME = "$(TARGET_NAME)";
				TARGETED_DEVICE_FAMILY = 1;
			};
			name = Debug;
		};
		117CFEAC1C4D3721002855CD /* Release */ = {
			isa = XCBuildConfiguration;
			buildSettings = {
				ASSETCATALOG_COMPILER_APPICON_NAME = AppIcon;
				INFOPLIST_FILE = DZ2/Info.plist;
				LD_RUNPATH_SEARCH_PATHS = "$(inherited) @executable_path/Frameworks";
				PRODUCT_BUNDLE_IDENTIFIER = com.home.DZ2;
				PRODUCT_NAME = "$(TARGET_NAME)";
				TARGETED_DEVICE_FAMILY = 1;
			};
			name = Release;
		};
/* End XCBuildConfiguration section */

/* Begin XCConfigurationList section */
		117CFE8E1C4D3721002855CD /* Build configuration list for PBXProject "DZ2" */ = {
			isa = XCConfigurationList;
			buildConfigurations = (
				117CFEA81C4D3721002855CD /* Debug */,
				117CFEA91C4D3721002855CD /* Release */,
			);
			defaultConfigurationIsVisible = 0;
			defaultConfigurationName = Release;
		};
		117CFEAA1C4D3721002855CD /* Build configuration list for PBXNativeTarget "DZ2" */ = {
			isa = XCConfigurationList;
			buildConfigurations = (
				117CFEAB1C4D3721002855CD /* Debug */,
				117CFEAC1C4D3721002855CD /* Release */,
			);
			defaultConfigurationIsVisible = 0;
		};
/* End XCConfigurationList section */
	};
	rootObject = 117CFE8B1C4D3721002855CD /* Project object */;
}
